
Microsoft Visual Studio Solution File, Format Version 12.00
# Visual Studio 14
VisualStudioVersion = 14.0.25420.1
MinimumVisualStudioVersion = 10.0.40219.1
Project("{2150E333-8FDC-42A3-9474-1A3956D46DE8}") = "WCF", "WCF", "{B635DC56-8DAE-464B-8454-6E61458A7300}"
EndProject
Project("{2150E333-8FDC-42A3-9474-1A3956D46DE8}") = "Client", "Client", "{606E4C08-234C-4BDC-A77C-60AF018029E6}"
EndProject
Project("{2150E333-8FDC-42A3-9474-1A3956D46DE8}") = "Services", "Services", "{66529490-2E81-4EA7-BD03-F07B93A30132}"
EndProject
Project("{2150E333-8FDC-42A3-9474-1A3956D46DE8}") = "Test", "Test", "{F702091F-C705-4BE7-A1BE-70B5453C32D7}"
EndProject
Project("{FAE04EC0-301F-11D3-BF4B-00C04F79EFBC}") = "ConsoleApplication1", "ConsoleApplication1\ConsoleApplication1.csproj", "{43883E5B-99F0-41A3-A2CE-3C68A33476B6}"
EndProject
Project("{FAE04EC0-301F-11D3-BF4B-00C04F79EFBC}") = "AgileBoost.WCF.DynamicClient", "AgileBoost.WCF.DyncmicClient\AgileBoost.WCF.DynamicClient.csproj", "{406516E2-DA4C-4E46-AB3C-7B78EA7A0A71}"
EndProject
Project("{FAE04EC0-301F-11D3-BF4B-00C04F79EFBC}") = "WcfWindowServiceHost", "WcfWindowServiceHost\WcfWindowServiceHost.csproj", "{203AA646-27B6-47A6-9C96-BADF6172A5D2}"
EndProject
Project("{FAE04EC0-301F-11D3-BF4B-00C04F79EFBC}") = "WcfTcpDemo", "WcfTcpDemo\WcfTcpDemo.csproj", "{42F24B0C-7916-4BE0-B823-94B109037C18}"
EndProject
Project("{FAE04EC0-301F-11D3-BF4B-00C04F79EFBC}") = "WcfLibrary", "WcfLibrary\WcfLibrary.csproj", "{7F471AFD-F219-49C2-A2D4-64DCFAFA5730}"
EndProject
Project("{FAE04EC0-301F-11D3-BF4B-00C04F79EFBC}") = "WcfDemo", "WcfDemo\WcfDemo.csproj", "{276B7F80-4BE3-4BD6-B072-D7796CFA87A2}"
EndProject
Project("{FAE04EC0-301F-11D3-BF4B-00C04F79EFBC}") = "WcfClient", "WcfClient\WcfClient.csproj", "{FE37B562-18A0-4DFA-A37C-57065A0404E1}"
EndProject
Global
	GlobalSection(SolutionConfigurationPlatforms) = preSolution
		Debug|Any CPU = Debug|Any CPU
		Release|Any CPU = Release|Any CPU
	EndGlobalSection
	GlobalSection(ProjectConfigurationPlatforms) = postSolution
		{43883E5B-99F0-41A3-A2CE-3C68A33476B6}.Debug|Any CPU.ActiveCfg = Debug|Any CPU
		{43883E5B-99F0-41A3-A2CE-3C68A33476B6}.Debug|Any CPU.Build.0 = Debug|Any CPU
		{43883E5B-99F0-41A3-A2CE-3C68A33476B6}.Release|Any CPU.ActiveCfg = Release|Any CPU
		{43883E5B-99F0-41A3-A2CE-3C68A33476B6}.Release|Any CPU.Build.0 = Release|Any CPU
		{406516E2-DA4C-4E46-AB3C-7B78EA7A0A71}.Debug|Any CPU.ActiveCfg = Debug|Any CPU
		{406516E2-DA4C-4E46-AB3C-7B78EA7A0A71}.Debug|Any CPU.Build.0 = Debug|Any CPU
		{406516E2-DA4C-4E46-AB3C-7B78EA7A0A71}.Release|Any CPU.ActiveCfg = Release|Any CPU
		{406516E2-DA4C-4E46-AB3C-7B78EA7A0A71}.Release|Any CPU.Build.0 = Release|Any CPU
		{203AA646-27B6-47A6-9C96-BADF6172A5D2}.Debug|Any CPU.ActiveCfg = Debug|Any CPU
		{203AA646-27B6-47A6-9C96-BADF6172A5D2}.Debug|Any CPU.Build.0 = Debug|Any CPU
		{203AA646-27B6-47A6-9C96-BADF6172A5D2}.Release|Any CPU.ActiveCfg = Release|Any CPU
		{203AA646-27B6-47A6-9C96-BADF6172A5D2}.Release|Any CPU.Build.0 = Release|Any CPU
		{42F24B0C-7916-4BE0-B823-94B109037C18}.Debug|Any CPU.ActiveCfg = Debug|Any CPU
		{42F24B0C-7916-4BE0-B823-94B109037C18}.Debug|Any CPU.Build.0 = Debug|Any CPU
		{42F24B0C-7916-4BE0-B823-94B109037C18}.Release|Any CPU.ActiveCfg = Release|Any CPU
		{42F24B0C-7916-4BE0-B823-94B109037C18}.Release|Any CPU.Build.0 = Release|Any CPU
		{7F471AFD-F219-49C2-A2D4-64DCFAFA5730}.Debug|Any CPU.ActiveCfg = Debug|Any CPU
		{7F471AFD-F219-49C2-A2D4-64DCFAFA5730}.Debug|Any CPU.Build.0 = Debug|Any CPU
		{7F471AFD-F219-49C2-A2D4-64DCFAFA5730}.Release|Any CPU.ActiveCfg = Release|Any CPU
		{7F471AFD-F219-49C2-A2D4-64DCFAFA5730}.Release|Any CPU.Build.0 = Release|Any CPU
		{276B7F80-4BE3-4BD6-B072-D7796CFA87A2}.Debug|Any CPU.ActiveCfg = Debug|Any CPU
		{276B7F80-4BE3-4BD6-B072-D7796CFA87A2}.Debug|Any CPU.Build.0 = Debug|Any CPU
		{276B7F80-4BE3-4BD6-B072-D7796CFA87A2}.Release|Any CPU.ActiveCfg = Release|Any CPU
		{276B7F80-4BE3-4BD6-B072-D7796CFA87A2}.Release|Any CPU.Build.0 = Release|Any CPU
		{FE37B562-18A0-4DFA-A37C-57065A0404E1}.Debug|Any CPU.ActiveCfg = Debug|Any CPU
		{FE37B562-18A0-4DFA-A37C-57065A0404E1}.Debug|Any CPU.Build.0 = Debug|Any CPU
		{FE37B562-18A0-4DFA-A37C-57065A0404E1}.Release|Any CPU.ActiveCfg = Release|Any CPU
		{FE37B562-18A0-4DFA-A37C-57065A0404E1}.Release|Any CPU.Build.0 = Release|Any CPU
	EndGlobalSection
	GlobalSection(SolutionProperties) = preSolution
		HideSolutionNode = FALSE
	EndGlobalSection
	GlobalSection(NestedProjects) = preSolution
		{43883E5B-99F0-41A3-A2CE-3C68A33476B6} = {F702091F-C705-4BE7-A1BE-70B5453C32D7}
		{406516E2-DA4C-4E46-AB3C-7B78EA7A0A71} = {606E4C08-234C-4BDC-A77C-60AF018029E6}
		{203AA646-27B6-47A6-9C96-BADF6172A5D2} = {66529490-2E81-4EA7-BD03-F07B93A30132}
		{42F24B0C-7916-4BE0-B823-94B109037C18} = {B635DC56-8DAE-464B-8454-6E61458A7300}
		{7F471AFD-F219-49C2-A2D4-64DCFAFA5730} = {B635DC56-8DAE-464B-8454-6E61458A7300}
		{276B7F80-4BE3-4BD6-B072-D7796CFA87A2} = {B635DC56-8DAE-464B-8454-6E61458A7300}
		{FE37B562-18A0-4DFA-A37C-57065A0404E1} = {606E4C08-234C-4BDC-A77C-60AF018029E6}
	EndGlobalSection
EndGlobal
